// !$*UTF8*$!
{
	archiveVersion = 1;
	classes = {
	};
	objectVersion = 50;
	objects = {

/* Begin PBXBuildFile section */
		AB18A421260F98E500921F68 /* StorageService.swift in Sources */ = {isa = PBXBuildFile; fileRef = AB18A420260F98E500921F68 /* StorageService.swift */; };
		AB18A425260F9A5800921F68 /* UserDefaultKeys.swift in Sources */ = {isa = PBXBuildFile; fileRef = AB18A424260F9A5800921F68 /* UserDefaultKeys.swift */; };
		AB18A428260F9BD800921F68 /* ValidateMessage.swift in Sources */ = {isa = PBXBuildFile; fileRef = AB18A427260F9BD800921F68 /* ValidateMessage.swift */; };
		AB18A42B260F9D0C00921F68 /* ErrorMessage.swift in Sources */ = {isa = PBXBuildFile; fileRef = AB18A42A260F9D0C00921F68 /* ErrorMessage.swift */; };
		AB18A42F260F9E1B00921F68 /* LoginProtocol.swift in Sources */ = {isa = PBXBuildFile; fileRef = AB18A42E260F9E1B00921F68 /* LoginProtocol.swift */; };
		AB18A433260FDA5100921F68 /* NewAccountViewModel.swift in Sources */ = {isa = PBXBuildFile; fileRef = AB18A432260FDA5100921F68 /* NewAccountViewModel.swift */; };
		AB18A437260FDE3400921F68 /* NewAccountProtocol.swift in Sources */ = {isa = PBXBuildFile; fileRef = AB18A436260FDE3400921F68 /* NewAccountProtocol.swift */; };
		AB2D02BF25FE7675003AA325 /* InitialViewController.swift in Sources */ = {isa = PBXBuildFile; fileRef = AB2D02BE25FE7675003AA325 /* InitialViewController.swift */; };
		AB2D02C525FE76CD003AA325 /* FinishAccountViewController.swift in Sources */ = {isa = PBXBuildFile; fileRef = AB2D02C425FE76CD003AA325 /* FinishAccountViewController.swift */; };
		AB2D02C825FE7713003AA325 /* NewAccountViewController.swift in Sources */ = {isa = PBXBuildFile; fileRef = AB2D02C725FE7713003AA325 /* NewAccountViewController.swift */; };
		AB2D02D525FE77BA003AA325 /* BaseService.swift in Sources */ = {isa = PBXBuildFile; fileRef = AB2D02D425FE77BA003AA325 /* BaseService.swift */; };
		ABA6C7EC260956F6003B7DF3 /* LoginViewController.swift in Sources */ = {isa = PBXBuildFile; fileRef = ABA6C7EB260956F6003B7DF3 /* LoginViewController.swift */; };
		ABA6C7EF26095763003B7DF3 /* ResetPasswordViewController.swift in Sources */ = {isa = PBXBuildFile; fileRef = ABA6C7EE26095763003B7DF3 /* ResetPasswordViewController.swift */; };
		ABA6C7F826096042003B7DF3 /* HomeViewController.swift in Sources */ = {isa = PBXBuildFile; fileRef = ABA6C7F726096042003B7DF3 /* HomeViewController.swift */; };
		ABA6C7FB26096290003B7DF3 /* BaseViewController.swift in Sources */ = {isa = PBXBuildFile; fileRef = ABA6C7FA26096290003B7DF3 /* BaseViewController.swift */; };
		ABA6C7FE2609632E003B7DF3 /* BaseProtocol.swift in Sources */ = {isa = PBXBuildFile; fileRef = ABA6C7FD2609632E003B7DF3 /* BaseProtocol.swift */; };
		ABA6C80126096443003B7DF3 /* LoginViewModel.swift in Sources */ = {isa = PBXBuildFile; fileRef = ABA6C80026096443003B7DF3 /* LoginViewModel.swift */; };
		ABB5C8E625F6E3B0003EA59B /* AppDelegate.swift in Sources */ = {isa = PBXBuildFile; fileRef = ABB5C8E525F6E3B0003EA59B /* AppDelegate.swift */; };
		ABB5C8E825F6E3B0003EA59B /* SceneDelegate.swift in Sources */ = {isa = PBXBuildFile; fileRef = ABB5C8E725F6E3B0003EA59B /* SceneDelegate.swift */; };
		ABB5C8EA25F6E3B0003EA59B /* ViewController.swift in Sources */ = {isa = PBXBuildFile; fileRef = ABB5C8E925F6E3B0003EA59B /* ViewController.swift */; };
		ABB5C8ED25F6E3B0003EA59B /* Main.storyboard in Resources */ = {isa = PBXBuildFile; fileRef = ABB5C8EB25F6E3B0003EA59B /* Main.storyboard */; };
		ABB5C8EF25F6E3D9003EA59B /* Assets.xcassets in Resources */ = {isa = PBXBuildFile; fileRef = ABB5C8EE25F6E3D9003EA59B /* Assets.xcassets */; };
		ABB5C8F225F6E3D9003EA59B /* LaunchScreen.storyboard in Resources */ = {isa = PBXBuildFile; fileRef = ABB5C8F025F6E3D9003EA59B /* LaunchScreen.storyboard */; };
		ABC13EF7260D390300247BB5 /* LoginResponse.swift in Sources */ = {isa = PBXBuildFile; fileRef = ABC13EF6260D390300247BB5 /* LoginResponse.swift */; };
		ABC13EFA260D3F7B00247BB5 /* ErrorResponse.swift in Sources */ = {isa = PBXBuildFile; fileRef = ABC13EF9260D3F7B00247BB5 /* ErrorResponse.swift */; };
/* End PBXBuildFile section */

/* Begin PBXFileReference section */
		AB18A420260F98E500921F68 /* StorageService.swift */ = {isa = PBXFileReference; lastKnownFileType = sourcecode.swift; path = StorageService.swift; sourceTree = "<group>"; };
		AB18A424260F9A5800921F68 /* UserDefaultKeys.swift */ = {isa = PBXFileReference; lastKnownFileType = sourcecode.swift; path = UserDefaultKeys.swift; sourceTree = "<group>"; };
		AB18A427260F9BD800921F68 /* ValidateMessage.swift */ = {isa = PBXFileReference; lastKnownFileType = sourcecode.swift; path = ValidateMessage.swift; sourceTree = "<group>"; };
		AB18A42A260F9D0C00921F68 /* ErrorMessage.swift */ = {isa = PBXFileReference; lastKnownFileType = sourcecode.swift; path = ErrorMessage.swift; sourceTree = "<group>"; };
		AB18A42E260F9E1B00921F68 /* LoginProtocol.swift */ = {isa = PBXFileReference; lastKnownFileType = sourcecode.swift; path = LoginProtocol.swift; sourceTree = "<group>"; };
		AB18A432260FDA5100921F68 /* NewAccountViewModel.swift */ = {isa = PBXFileReference; lastKnownFileType = sourcecode.swift; path = NewAccountViewModel.swift; sourceTree = "<group>"; };
		AB18A436260FDE3400921F68 /* NewAccountProtocol.swift */ = {isa = PBXFileReference; lastKnownFileType = sourcecode.swift; path = NewAccountProtocol.swift; sourceTree = "<group>"; };
		AB2D02BE25FE7675003AA325 /* InitialViewController.swift */ = {isa = PBXFileReference; lastKnownFileType = sourcecode.swift; path = InitialViewController.swift; sourceTree = "<group>"; };
		AB2D02C425FE76CD003AA325 /* FinishAccountViewController.swift */ = {isa = PBXFileReference; lastKnownFileType = sourcecode.swift; path = FinishAccountViewController.swift; sourceTree = "<group>"; };
		AB2D02C725FE7713003AA325 /* NewAccountViewController.swift */ = {isa = PBXFileReference; lastKnownFileType = sourcecode.swift; path = NewAccountViewController.swift; sourceTree = "<group>"; };
		AB2D02D425FE77BA003AA325 /* BaseService.swift */ = {isa = PBXFileReference; lastKnownFileType = sourcecode.swift; path = BaseService.swift; sourceTree = "<group>"; };
		ABA6C7EB260956F6003B7DF3 /* LoginViewController.swift */ = {isa = PBXFileReference; lastKnownFileType = sourcecode.swift; path = LoginViewController.swift; sourceTree = "<group>"; };
		ABA6C7EE26095763003B7DF3 /* ResetPasswordViewController.swift */ = {isa = PBXFileReference; lastKnownFileType = sourcecode.swift; path = ResetPasswordViewController.swift; sourceTree = "<group>"; };
		ABA6C7F726096042003B7DF3 /* HomeViewController.swift */ = {isa = PBXFileReference; lastKnownFileType = sourcecode.swift; path = HomeViewController.swift; sourceTree = "<group>"; };
		ABA6C7FA26096290003B7DF3 /* BaseViewController.swift */ = {isa = PBXFileReference; lastKnownFileType = sourcecode.swift; path = BaseViewController.swift; sourceTree = "<group>"; };
		ABA6C7FD2609632E003B7DF3 /* BaseProtocol.swift */ = {isa = PBXFileReference; lastKnownFileType = sourcecode.swift; path = BaseProtocol.swift; sourceTree = "<group>"; };
		ABA6C80026096443003B7DF3 /* LoginViewModel.swift */ = {isa = PBXFileReference; lastKnownFileType = sourcecode.swift; path = LoginViewModel.swift; sourceTree = "<group>"; };
		ABB5C8E225F6E3B0003EA59B /* course.app */ = {isa = PBXFileReference; explicitFileType = wrapper.application; includeInIndex = 0; path = course.app; sourceTree = BUILT_PRODUCTS_DIR; };
		ABB5C8E525F6E3B0003EA59B /* AppDelegate.swift */ = {isa = PBXFileReference; lastKnownFileType = sourcecode.swift; path = AppDelegate.swift; sourceTree = "<group>"; };
		ABB5C8E725F6E3B0003EA59B /* SceneDelegate.swift */ = {isa = PBXFileReference; lastKnownFileType = sourcecode.swift; path = SceneDelegate.swift; sourceTree = "<group>"; };
		ABB5C8E925F6E3B0003EA59B /* ViewController.swift */ = {isa = PBXFileReference; lastKnownFileType = sourcecode.swift; path = ViewController.swift; sourceTree = "<group>"; };
		ABB5C8EC25F6E3B0003EA59B /* Base */ = {isa = PBXFileReference; lastKnownFileType = file.storyboard; name = Base; path = Base.lproj/Main.storyboard; sourceTree = "<group>"; };
		ABB5C8EE25F6E3D9003EA59B /* Assets.xcassets */ = {isa = PBXFileReference; lastKnownFileType = folder.assetcatalog; path = Assets.xcassets; sourceTree = "<group>"; };
		ABB5C8F125F6E3D9003EA59B /* Base */ = {isa = PBXFileReference; lastKnownFileType = file.storyboard; name = Base; path = Base.lproj/LaunchScreen.storyboard; sourceTree = "<group>"; };
		ABB5C8F325F6E3D9003EA59B /* Info.plist */ = {isa = PBXFileReference; lastKnownFileType = text.plist.xml; path = Info.plist; sourceTree = "<group>"; };
		ABC13EF6260D390300247BB5 /* LoginResponse.swift */ = {isa = PBXFileReference; lastKnownFileType = sourcecode.swift; path = LoginResponse.swift; sourceTree = "<group>"; };
		ABC13EF9260D3F7B00247BB5 /* ErrorResponse.swift */ = {isa = PBXFileReference; lastKnownFileType = sourcecode.swift; path = ErrorResponse.swift; sourceTree = "<group>"; };
/* End PBXFileReference section */

/* Begin PBXFrameworksBuildPhase section */
		ABB5C8DF25F6E3AF003EA59B /* Frameworks */ = {
			isa = PBXFrameworksBuildPhase;
			buildActionMask = 2147483647;
			files = (
			);
			runOnlyForDeploymentPostprocessing = 0;
		};
/* End PBXFrameworksBuildPhase section */

/* Begin PBXGroup section */
		AB18A423260F9A3600921F68 /* Enums */ = {
			isa = PBXGroup;
			children = (
				AB18A424260F9A5800921F68 /* UserDefaultKeys.swift */,
				AB18A427260F9BD800921F68 /* ValidateMessage.swift */,
				AB18A42A260F9D0C00921F68 /* ErrorMessage.swift */,
			);
			path = Enums;
			sourceTree = "<group>";
		};
		AB2817D225F9787A0017D2D4 /* Controllers */ = {
			isa = PBXGroup;
			children = (
				ABDAE2A626001583001C16F9 /* Protocols */,
				AB2D02BE25FE7675003AA325 /* InitialViewController.swift */,
				AB2D02C425FE76CD003AA325 /* FinishAccountViewController.swift */,
				AB2D02C725FE7713003AA325 /* NewAccountViewController.swift */,
				ABA6C7EB260956F6003B7DF3 /* LoginViewController.swift */,
				ABA6C7EE26095763003B7DF3 /* ResetPasswordViewController.swift */,
				ABA6C7F726096042003B7DF3 /* HomeViewController.swift */,
				ABA6C7FA26096290003B7DF3 /* BaseViewController.swift */,
			);
			path = Controllers;
			sourceTree = "<group>";
		};
		AB2817D325F978B60017D2D4 /* ViewModels */ = {
			isa = PBXGroup;
			children = (
				ABA6C80026096443003B7DF3 /* LoginViewModel.swift */,
				AB18A432260FDA5100921F68 /* NewAccountViewModel.swift */,
			);
			path = ViewModels;
			sourceTree = "<group>";
		};
		AB2817D425F978CC0017D2D4 /* Models */ = {
			isa = PBXGroup;
			children = (
			);
			path = Models;
			sourceTree = "<group>";
		};
		AB2817D525F978D60017D2D4 /* Services */ = {
			isa = PBXGroup;
			children = (
				ABDAE2A426001500001C16F9 /* Responses */,
				AB2D02D425FE77BA003AA325 /* BaseService.swift */,
				AB18A420260F98E500921F68 /* StorageService.swift */,
			);
			path = Services;
			sourceTree = "<group>";
		};
		ABA6C7F226095BF2003B7DF3 /* Commons */ = {
			isa = PBXGroup;
			children = (
				AB18A423260F9A3600921F68 /* Enums */,
				ABA6C7F326095C08003B7DF3 /* Views */,
			);
			path = Commons;
			sourceTree = "<group>";
		};
		ABA6C7F326095C08003B7DF3 /* Views */ = {
			isa = PBXGroup;
			children = (
			);
			path = Views;
			sourceTree = "<group>";
		};
		ABB5C8D925F6E3AF003EA59B = {
			isa = PBXGroup;
			children = (
				ABB5C8E425F6E3B0003EA59B /* course */,
				ABB5C8E325F6E3B0003EA59B /* Products */,
			);
			sourceTree = "<group>";
		};
		ABB5C8E325F6E3B0003EA59B /* Products */ = {
			isa = PBXGroup;
			children = (
				ABB5C8E225F6E3B0003EA59B /* course.app */,
			);
			name = Products;
			sourceTree = "<group>";
		};
		ABB5C8E425F6E3B0003EA59B /* course */ = {
			isa = PBXGroup;
			children = (
				ABA6C7F226095BF2003B7DF3 /* Commons */,
				AB2817D525F978D60017D2D4 /* Services */,
				AB2817D425F978CC0017D2D4 /* Models */,
				AB2817D325F978B60017D2D4 /* ViewModels */,
				AB2817D225F9787A0017D2D4 /* Controllers */,
				ABB5C8E525F6E3B0003EA59B /* AppDelegate.swift */,
				ABB5C8E725F6E3B0003EA59B /* SceneDelegate.swift */,
				ABB5C8E925F6E3B0003EA59B /* ViewController.swift */,
				ABB5C8EB25F6E3B0003EA59B /* Main.storyboard */,
				ABB5C8EE25F6E3D9003EA59B /* Assets.xcassets */,
				ABB5C8F025F6E3D9003EA59B /* LaunchScreen.storyboard */,
				ABB5C8F325F6E3D9003EA59B /* Info.plist */,
			);
			path = course;
			sourceTree = "<group>";
		};
		ABDAE2A426001500001C16F9 /* Responses */ = {
			isa = PBXGroup;
			children = (
				ABC13EF6260D390300247BB5 /* LoginResponse.swift */,
				ABC13EF9260D3F7B00247BB5 /* ErrorResponse.swift */,
			);
			path = Responses;
			sourceTree = "<group>";
		};
		ABDAE2A626001583001C16F9 /* Protocols */ = {
			isa = PBXGroup;
			children = (
				ABA6C7FD2609632E003B7DF3 /* BaseProtocol.swift */,
				AB18A42E260F9E1B00921F68 /* LoginProtocol.swift */,
				AB18A436260FDE3400921F68 /* NewAccountProtocol.swift */,
			);
			path = Protocols;
			sourceTree = "<group>";
		};
/* End PBXGroup section */

/* Begin PBXNativeTarget section */
		ABB5C8E125F6E3AF003EA59B /* course */ = {
			isa = PBXNativeTarget;
			buildConfigurationList = ABB5C8F625F6E3D9003EA59B /* Build configuration list for PBXNativeTarget "course" */;
			buildPhases = (
				ABB5C8DE25F6E3AF003EA59B /* Sources */,
				ABB5C8DF25F6E3AF003EA59B /* Frameworks */,
				ABB5C8E025F6E3AF003EA59B /* Resources */,
			);
			buildRules = (
			);
			dependencies = (
			);
			name = course;
			productName = course;
			productReference = ABB5C8E225F6E3B0003EA59B /* course.app */;
			productType = "com.apple.product-type.application";
		};
/* End PBXNativeTarget section */

/* Begin PBXProject section */
		ABB5C8DA25F6E3AF003EA59B /* Project object */ = {
			isa = PBXProject;
			attributes = {
				LastSwiftUpdateCheck = 1240;
				LastUpgradeCheck = 1240;
				TargetAttributes = {
					ABB5C8E125F6E3AF003EA59B = {
						CreatedOnToolsVersion = 12.4;
					};
				};
			};
			buildConfigurationList = ABB5C8DD25F6E3AF003EA59B /* Build configuration list for PBXProject "course" */;
			compatibilityVersion = "Xcode 9.3";
			developmentRegion = en;
			hasScannedForEncodings = 0;
			knownRegions = (
				en,
				Base,
			);
			mainGroup = ABB5C8D925F6E3AF003EA59B;
			productRefGroup = ABB5C8E325F6E3B0003EA59B /* Products */;
			projectDirPath = "";
			projectRoot = "";
			targets = (
				ABB5C8E125F6E3AF003EA59B /* course */,
			);
		};
/* End PBXProject section */

/* Begin PBXResourcesBuildPhase section */
		ABB5C8E025F6E3AF003EA59B /* Resources */ = {
			isa = PBXResourcesBuildPhase;
			buildActionMask = 2147483647;
			files = (
				ABB5C8F225F6E3D9003EA59B /* LaunchScreen.storyboard in Resources */,
				ABB5C8EF25F6E3D9003EA59B /* Assets.xcassets in Resources */,
				ABB5C8ED25F6E3B0003EA59B /* Main.storyboard in Resources */,
			);
			runOnlyForDeploymentPostprocessing = 0;
		};
/* End PBXResourcesBuildPhase section */

/* Begin PBXSourcesBuildPhase section */
		ABB5C8DE25F6E3AF003EA59B /* Sources */ = {
			isa = PBXSourcesBuildPhase;
			buildActionMask = 2147483647;
			files = (
				ABB5C8EA25F6E3B0003EA59B /* ViewController.swift in Sources */,
				ABB5C8E625F6E3B0003EA59B /* AppDelegate.swift in Sources */,
				ABA6C7EF26095763003B7DF3 /* ResetPasswordViewController.swift in Sources */,
				ABB5C8E825F6E3B0003EA59B /* SceneDelegate.swift in Sources */,
				ABA6C7FB26096290003B7DF3 /* BaseViewController.swift in Sources */,
				AB18A428260F9BD800921F68 /* ValidateMessage.swift in Sources */,
				ABC13EF7260D390300247BB5 /* LoginResponse.swift in Sources */,
				AB18A433260FDA5100921F68 /* NewAccountViewModel.swift in Sources */,
				ABC13EFA260D3F7B00247BB5 /* ErrorResponse.swift in Sources */,
				AB18A425260F9A5800921F68 /* UserDefaultKeys.swift in Sources */,
				ABA6C7F826096042003B7DF3 /* HomeViewController.swift in Sources */,
				AB2D02C825FE7713003AA325 /* NewAccountViewController.swift in Sources */,
				AB18A42B260F9D0C00921F68 /* ErrorMessage.swift in Sources */,
				ABA6C80126096443003B7DF3 /* LoginViewModel.swift in Sources */,
				ABA6C7FE2609632E003B7DF3 /* BaseProtocol.swift in Sources */,
				AB18A421260F98E500921F68 /* StorageService.swift in Sources */,
				AB18A437260FDE3400921F68 /* NewAccountProtocol.swift in Sources */,
				AB2D02BF25FE7675003AA325 /* InitialViewController.swift in Sources */,
				AB2D02D525FE77BA003AA325 /* BaseService.swift in Sources */,
				AB18A42F260F9E1B00921F68 /* LoginProtocol.swift in Sources */,
				AB2D02C525FE76CD003AA325 /* FinishAccountViewController.swift in Sources */,
				ABA6C7EC260956F6003B7DF3 /* LoginViewController.swift in Sources */,
			);
			runOnlyForDeploymentPostprocessing = 0;
		};
/* End PBXSourcesBuildPhase section */

/* Begin PBXVariantGroup section */
		ABB5C8EB25F6E3B0003EA59B /* Main.storyboard */ = {
			isa = PBXVariantGroup;
			children = (
				ABB5C8EC25F6E3B0003EA59B /* Base */,
			);
			name = Main.storyboard;
			sourceTree = "<group>";
		};
		ABB5C8F025F6E3D9003EA59B /* LaunchScreen.storyboard */ = {
			isa = PBXVariantGroup;
			children = (
				ABB5C8F125F6E3D9003EA59B /* Base */,
			);
			name = LaunchScreen.storyboard;
			sourceTree = "<group>";
		};
/* End PBXVariantGroup section */

/* Begin XCBuildConfiguration section */
		ABB5C8F425F6E3D9003EA59B /* Debug */ = {
			isa = XCBuildConfiguration;
			buildSettings = {
				ALWAYS_SEARCH_USER_PATHS = NO;
				CLANG_ANALYZER_NONNULL = YES;
				CLANG_ANALYZER_NUMBER_OBJECT_CONVERSION = YES_AGGRESSIVE;
				CLANG_CXX_LANGUAGE_STANDARD = "gnu++14";
				CLANG_CXX_LIBRARY = "libc++";
				CLANG_ENABLE_MODULES = YES;
				CLANG_ENABLE_OBJC_ARC = YES;
				CLANG_ENABLE_OBJC_WEAK = YES;
				CLANG_WARN_BLOCK_CAPTURE_AUTORELEASING = YES;
				CLANG_WARN_BOOL_CONVERSION = YES;
				CLANG_WARN_COMMA = YES;
				CLANG_WARN_CONSTANT_CONVERSION = YES;
				CLANG_WARN_DEPRECATED_OBJC_IMPLEMENTATIONS = YES;
				CLANG_WARN_DIRECT_OBJC_ISA_USAGE = YES_ERROR;
				CLANG_WARN_DOCUMENTATION_COMMENTS = YES;
				CLANG_WARN_EMPTY_BODY = YES;
				CLANG_WARN_ENUM_CONVERSION = YES;
				CLANG_WARN_INFINITE_RECURSION = YES;
				CLANG_WARN_INT_CONVERSION = YES;
				CLANG_WARN_NON_LITERAL_NULL_CONVERSION = YES;
				CLANG_WARN_OBJC_IMPLICIT_RETAIN_SELF = YES;
				CLANG_WARN_OBJC_LITERAL_CONVERSION = YES;
				CLANG_WARN_OBJC_ROOT_CLASS = YES_ERROR;
				CLANG_WARN_QUOTED_INCLUDE_IN_FRAMEWORK_HEADER = YES;
				CLANG_WARN_RANGE_LOOP_ANALYSIS = YES;
				CLANG_WARN_STRICT_PROTOTYPES = YES;
				CLANG_WARN_SUSPICIOUS_MOVE = YES;
				CLANG_WARN_UNGUARDED_AVAILABILITY = YES_AGGRESSIVE;
				CLANG_WARN_UNREACHABLE_CODE = YES;
				CLANG_WARN__DUPLICATE_METHOD_MATCH = YES;
				COPY_PHASE_STRIP = NO;
				DEBUG_INFORMATION_FORMAT = dwarf;
				ENABLE_STRICT_OBJC_MSGSEND = YES;
				ENABLE_TESTABILITY = YES;
				GCC_C_LANGUAGE_STANDARD = gnu11;
				GCC_DYNAMIC_NO_PIC = NO;
				GCC_NO_COMMON_BLOCKS = YES;
				GCC_OPTIMIZATION_LEVEL = 0;
				GCC_PREPROCESSOR_DEFINITIONS = (
					"DEBUG=1",
					"$(inherited)",
				);
				GCC_WARN_64_TO_32_BIT_CONVERSION = YES;
				GCC_WARN_ABOUT_RETURN_TYPE = YES_ERROR;
				GCC_WARN_UNDECLARED_SELECTOR = YES;
				GCC_WARN_UNINITIALIZED_AUTOS = YES_AGGRESSIVE;
				GCC_WARN_UNUSED_FUNCTION = YES;
				GCC_WARN_UNUSED_VARIABLE = YES;
				IPHONEOS_DEPLOYMENT_TARGET = 14.4;
				MTL_ENABLE_DEBUG_INFO = INCLUDE_SOURCE;
				MTL_FAST_MATH = YES;
				ONLY_ACTIVE_ARCH = YES;
				SDKROOT = iphoneos;
				SWIFT_ACTIVE_COMPILATION_CONDITIONS = DEBUG;
				SWIFT_OPTIMIZATION_LEVEL = "-Onone";
			};
			name = Debug;
		};
		ABB5C8F525F6E3D9003EA59B /* Release */ = {
			isa = XCBuildConfiguration;
			buildSettings = {
				ALWAYS_SEARCH_USER_PATHS = NO;
				CLANG_ANALYZER_NONNULL = YES;
				CLANG_ANALYZER_NUMBER_OBJECT_CONVERSION = YES_AGGRESSIVE;
				CLANG_CXX_LANGUAGE_STANDARD = "gnu++14";
				CLANG_CXX_LIBRARY = "libc++";
				CLANG_ENABLE_MODULES = YES;
				CLANG_ENABLE_OBJC_ARC = YES;
				CLANG_ENABLE_OBJC_WEAK = YES;
				CLANG_WARN_BLOCK_CAPTURE_AUTORELEASING = YES;
				CLANG_WARN_BOOL_CONVERSION = YES;
				CLANG_WARN_COMMA = YES;
				CLANG_WARN_CONSTANT_CONVERSION = YES;
				CLANG_WARN_DEPRECATED_OBJC_IMPLEMENTATIONS = YES;
				CLANG_WARN_DIRECT_OBJC_ISA_USAGE = YES_ERROR;
				CLANG_WARN_DOCUMENTATION_COMMENTS = YES;
				CLANG_WARN_EMPTY_BODY = YES;
				CLANG_WARN_ENUM_CONVERSION = YES;
				CLANG_WARN_INFINITE_RECURSION = YES;
				CLANG_WARN_INT_CONVERSION = YES;
				CLANG_WARN_NON_LITERAL_NULL_CONVERSION = YES;
				CLANG_WARN_OBJC_IMPLICIT_RETAIN_SELF = YES;
				CLANG_WARN_OBJC_LITERAL_CONVERSION = YES;
				CLANG_WARN_OBJC_ROOT_CLASS = YES_ERROR;
				CLANG_WARN_QUOTED_INCLUDE_IN_FRAMEWORK_HEADER = YES;
				CLANG_WARN_RANGE_LOOP_ANALYSIS = YES;
				CLANG_WARN_STRICT_PROTOTYPES = YES;
				CLANG_WARN_SUSPICIOUS_MOVE = YES;
				CLANG_WARN_UNGUARDED_AVAILABILITY = YES_AGGRESSIVE;
				CLANG_WARN_UNREACHABLE_CODE = YES;
				CLANG_WARN__DUPLICATE_METHOD_MATCH = YES;
				COPY_PHASE_STRIP = NO;
				DEBUG_INFORMATION_FORMAT = "dwarf-with-dsym";
				ENABLE_NS_ASSERTIONS = NO;
				ENABLE_STRICT_OBJC_MSGSEND = YES;
				GCC_C_LANGUAGE_STANDARD = gnu11;
				GCC_NO_COMMON_BLOCKS = YES;
				GCC_WARN_64_TO_32_BIT_CONVERSION = YES;
				GCC_WARN_ABOUT_RETURN_TYPE = YES_ERROR;
				GCC_WARN_UNDECLARED_SELECTOR = YES;
				GCC_WARN_UNINITIALIZED_AUTOS = YES_AGGRESSIVE;
				GCC_WARN_UNUSED_FUNCTION = YES;
				GCC_WARN_UNUSED_VARIABLE = YES;
				IPHONEOS_DEPLOYMENT_TARGET = 14.4;
				MTL_ENABLE_DEBUG_INFO = NO;
				MTL_FAST_MATH = YES;
				SDKROOT = iphoneos;
				SWIFT_COMPILATION_MODE = wholemodule;
				SWIFT_OPTIMIZATION_LEVEL = "-O";
				VALIDATE_PRODUCT = YES;
			};
			name = Release;
		};
		ABB5C8F725F6E3D9003EA59B /* Debug */ = {
			isa = XCBuildConfiguration;
			buildSettings = {
				ASSETCATALOG_COMPILER_APPICON_NAME = AppIcon;
				ASSETCATALOG_COMPILER_GLOBAL_ACCENT_COLOR_NAME = AccentColor;
				CODE_SIGN_STYLE = Automatic;
				DEVELOPMENT_TEAM = FZWMZ9N5Y7;
				INFOPLIST_FILE = course/Info.plist;
				LD_RUNPATH_SEARCH_PATHS = (
					"$(inherited)",
					"@executable_path/Frameworks",
				);
				PRODUCT_BUNDLE_IDENTIFIER = octopus.com.br.course;
				PRODUCT_NAME = "$(TARGET_NAME)";
				SWIFT_VERSION = 5.0;
				TARGETED_DEVICE_FAMILY = "1,2";
			};
			name = Debug;
		};
		ABB5C8F825F6E3D9003EA59B /* Release */ = {
			isa = XCBuildConfiguration;
			buildSettings = {
				ASSETCATALOG_COMPILER_APPICON_NAME = AppIcon;
				ASSETCATALOG_COMPILER_GLOBAL_ACCENT_COLOR_NAME = AccentColor;
				CODE_SIGN_STYLE = Automatic;
				DEVELOPMENT_TEAM = FZWMZ9N5Y7;
				INFOPLIST_FILE = course/Info.plist;
				LD_RUNPATH_SEARCH_PATHS = (
					"$(inherited)",
					"@executable_path/Frameworks",
				);
				PRODUCT_BUNDLE_IDENTIFIER = octopus.com.br.course;
				PRODUCT_NAME = "$(TARGET_NAME)";
				SWIFT_VERSION = 5.0;
				TARGETED_DEVICE_FAMILY = "1,2";
			};
			name = Release;
		};
/* End XCBuildConfiguration section */

/* Begin XCConfigurationList section */
		ABB5C8DD25F6E3AF003EA59B /* Build configuration list for PBXProject "course" */ = {
			isa = XCConfigurationList;
			buildConfigurations = (
				ABB5C8F425F6E3D9003EA59B /* Debug */,
				ABB5C8F525F6E3D9003EA59B /* Release */,
			);
			defaultConfigurationIsVisible = 0;
			defaultConfigurationName = Release;
		};
		ABB5C8F625F6E3D9003EA59B /* Build configuration list for PBXNativeTarget "course" */ = {
			isa = XCConfigurationList;
			buildConfigurations = (
				ABB5C8F725F6E3D9003EA59B /* Debug */,
				ABB5C8F825F6E3D9003EA59B /* Release */,
			);
			defaultConfigurationIsVisible = 0;
			defaultConfigurationName = Release;
		};
/* End XCConfigurationList section */
	};
	rootObject = ABB5C8DA25F6E3AF003EA59B /* Project object */;
}
